
Microsoft Visual Studio Solution File, Format Version 12.00
# Visual Studio Version 16
VisualStudioVersion = 16.0.29709.97
MinimumVisualStudioVersion = 10.0.40219.1
Project("{9A19103F-16F7-4668-BE54-9A1E7A4F7556}") = "catalogue_ensc", "catalogue_ensc.csproj", "{4701D2A4-94E7-4982-A05F-6D2FB9FF2BCC}"
EndProject
Global
	GlobalSection(SolutionConfigurationPlatforms) = preSolution
		Debug|Any CPU = Debug|Any CPU
		Release|Any CPU = Release|Any CPU
	EndGlobalSection
	GlobalSection(ProjectConfigurationPlatforms) = postSolution
		{4701D2A4-94E7-4982-A05F-6D2FB9FF2BCC}.Debug|Any CPU.ActiveCfg = Debug|Any CPU
		{4701D2A4-94E7-4982-A05F-6D2FB9FF2BCC}.Debug|Any CPU.Build.0 = Debug|Any CPU
		{4701D2A4-94E7-4982-A05F-6D2FB9FF2BCC}.Release|Any CPU.ActiveCfg = Release|Any CPU
		{4701D2A4-94E7-4982-A05F-6D2FB9FF2BCC}.Release|Any CPU.Build.0 = Release|Any CPU
	EndGlobalSection
	GlobalSection(SolutionProperties) = preSolution
		HideSolutionNode = FALSE
	EndGlobalSection
	GlobalSection(ExtensibilityGlobals) = postSolution
		SolutionGuid = {70174E9E-A0CA-4088-B893-C73DC92189D7}
	EndGlobalSection
EndGlobal
